// !$*UTF8*$!
{
	archiveVersion = 1;
	classes = {
	};
	objectVersion = 56;
	objects = {

/* Begin PBXBuildFile section */
		6A5489D62AA2EBBE008A6E6C /* MovieDetailsView.swift in Sources */ = {isa = PBXBuildFile; fileRef = 6A5489D52AA2EBBE008A6E6C /* MovieDetailsView.swift */; };
		6A5489D82AA2F230008A6E6C /* PosterSectionView.swift in Sources */ = {isa = PBXBuildFile; fileRef = 6A5489D72AA2F230008A6E6C /* PosterSectionView.swift */; };
		6A5489DA2AA306F1008A6E6C /* DetailsSectionView.swift in Sources */ = {isa = PBXBuildFile; fileRef = 6A5489D92AA306F1008A6E6C /* DetailsSectionView.swift */; };
		6A5489DC2AA307A3008A6E6C /* DescriptionSectionView.swift in Sources */ = {isa = PBXBuildFile; fileRef = 6A5489DB2AA307A3008A6E6C /* DescriptionSectionView.swift */; };
		6AA8DE5B2AA0677600C147C2 /* QSTProjectApp.swift in Sources */ = {isa = PBXBuildFile; fileRef = 6AA8DE5A2AA0677600C147C2 /* QSTProjectApp.swift */; };
		6AA8DE5D2AA0677600C147C2 /* ContentView.swift in Sources */ = {isa = PBXBuildFile; fileRef = 6AA8DE5C2AA0677600C147C2 /* ContentView.swift */; };
		6AA8DE5F2AA0677700C147C2 /* Assets.xcassets in Resources */ = {isa = PBXBuildFile; fileRef = 6AA8DE5E2AA0677700C147C2 /* Assets.xcassets */; };
		6AA8DE622AA0677700C147C2 /* Preview Assets.xcassets in Resources */ = {isa = PBXBuildFile; fileRef = 6AA8DE612AA0677700C147C2 /* Preview Assets.xcassets */; };
		6AA8DE862AA067DB00C147C2 /* MovieListView.swift in Sources */ = {isa = PBXBuildFile; fileRef = 6AA8DE852AA067DB00C147C2 /* MovieListView.swift */; };
		6AA8DE882AA0681000C147C2 /* MovieListViewModel.swift in Sources */ = {isa = PBXBuildFile; fileRef = 6AA8DE872AA0681000C147C2 /* MovieListViewModel.swift */; };
		6AA8DE8A2AA06AA800C147C2 /* MovieCell.swift in Sources */ = {isa = PBXBuildFile; fileRef = 6AA8DE892AA06AA800C147C2 /* MovieCell.swift */; };
		6AA8DE8D2AA06FB000C147C2 /* Movie.swift in Sources */ = {isa = PBXBuildFile; fileRef = 6AA8DE8C2AA06FB000C147C2 /* Movie.swift */; };
		6AA8DE902AA070C300C147C2 /* movieList.json in Resources */ = {isa = PBXBuildFile; fileRef = 6AA8DE8F2AA070C300C147C2 /* movieList.json */; };
		6AA8DE932AA076BB00C147C2 /* MovieListViewModelTests.swift in Sources */ = {isa = PBXBuildFile; fileRef = 6AA8DE922AA076BB00C147C2 /* MovieListViewModelTests.swift */; };
		6AA8DE962AA07CDF00C147C2 /* MovieListService.swift in Sources */ = {isa = PBXBuildFile; fileRef = 6AA8DE952AA07CDF00C147C2 /* MovieListService.swift */; };
		6AA8DE982AA07CF900C147C2 /* JSONMovieListService.swift in Sources */ = {isa = PBXBuildFile; fileRef = 6AA8DE972AA07CF900C147C2 /* JSONMovieListService.swift */; };
/* End PBXBuildFile section */

/* Begin PBXContainerItemProxy section */
		6AA8DE682AA0677700C147C2 /* PBXContainerItemProxy */ = {
			isa = PBXContainerItemProxy;
			containerPortal = 6AA8DE4F2AA0677600C147C2 /* Project object */;
			proxyType = 1;
			remoteGlobalIDString = 6AA8DE562AA0677600C147C2;
			remoteInfo = QSTProject;
		};
/* End PBXContainerItemProxy section */

/* Begin PBXFileReference section */
		6A5489D52AA2EBBE008A6E6C /* MovieDetailsView.swift */ = {isa = PBXFileReference; lastKnownFileType = sourcecode.swift; path = MovieDetailsView.swift; sourceTree = "<group>"; };
		6A5489D72AA2F230008A6E6C /* PosterSectionView.swift */ = {isa = PBXFileReference; lastKnownFileType = sourcecode.swift; path = PosterSectionView.swift; sourceTree = "<group>"; };
		6A5489D92AA306F1008A6E6C /* DetailsSectionView.swift */ = {isa = PBXFileReference; lastKnownFileType = sourcecode.swift; path = DetailsSectionView.swift; sourceTree = "<group>"; };
		6A5489DB2AA307A3008A6E6C /* DescriptionSectionView.swift */ = {isa = PBXFileReference; lastKnownFileType = sourcecode.swift; path = DescriptionSectionView.swift; sourceTree = "<group>"; };
		6AA8DE572AA0677600C147C2 /* QSTProject.app */ = {isa = PBXFileReference; explicitFileType = wrapper.application; includeInIndex = 0; path = QSTProject.app; sourceTree = BUILT_PRODUCTS_DIR; };
		6AA8DE5A2AA0677600C147C2 /* QSTProjectApp.swift */ = {isa = PBXFileReference; lastKnownFileType = sourcecode.swift; path = QSTProjectApp.swift; sourceTree = "<group>"; };
		6AA8DE5C2AA0677600C147C2 /* ContentView.swift */ = {isa = PBXFileReference; lastKnownFileType = sourcecode.swift; path = ContentView.swift; sourceTree = "<group>"; };
		6AA8DE5E2AA0677700C147C2 /* Assets.xcassets */ = {isa = PBXFileReference; lastKnownFileType = folder.assetcatalog; path = Assets.xcassets; sourceTree = "<group>"; };
		6AA8DE612AA0677700C147C2 /* Preview Assets.xcassets */ = {isa = PBXFileReference; lastKnownFileType = folder.assetcatalog; path = "Preview Assets.xcassets"; sourceTree = "<group>"; };
		6AA8DE672AA0677700C147C2 /* QSTProjectTests.xctest */ = {isa = PBXFileReference; explicitFileType = wrapper.cfbundle; includeInIndex = 0; path = QSTProjectTests.xctest; sourceTree = BUILT_PRODUCTS_DIR; };
		6AA8DE852AA067DB00C147C2 /* MovieListView.swift */ = {isa = PBXFileReference; lastKnownFileType = sourcecode.swift; path = MovieListView.swift; sourceTree = "<group>"; };
		6AA8DE872AA0681000C147C2 /* MovieListViewModel.swift */ = {isa = PBXFileReference; lastKnownFileType = sourcecode.swift; path = MovieListViewModel.swift; sourceTree = "<group>"; };
		6AA8DE892AA06AA800C147C2 /* MovieCell.swift */ = {isa = PBXFileReference; lastKnownFileType = sourcecode.swift; path = MovieCell.swift; sourceTree = "<group>"; };
		6AA8DE8C2AA06FB000C147C2 /* Movie.swift */ = {isa = PBXFileReference; lastKnownFileType = sourcecode.swift; path = Movie.swift; sourceTree = "<group>"; };
		6AA8DE8F2AA070C300C147C2 /* movieList.json */ = {isa = PBXFileReference; lastKnownFileType = text.json; path = movieList.json; sourceTree = "<group>"; };
		6AA8DE922AA076BB00C147C2 /* MovieListViewModelTests.swift */ = {isa = PBXFileReference; lastKnownFileType = sourcecode.swift; path = MovieListViewModelTests.swift; sourceTree = "<group>"; };
		6AA8DE952AA07CDF00C147C2 /* MovieListService.swift */ = {isa = PBXFileReference; lastKnownFileType = sourcecode.swift; path = MovieListService.swift; sourceTree = "<group>"; };
		6AA8DE972AA07CF900C147C2 /* JSONMovieListService.swift */ = {isa = PBXFileReference; lastKnownFileType = sourcecode.swift; path = JSONMovieListService.swift; sourceTree = "<group>"; };
/* End PBXFileReference section */

/* Begin PBXFrameworksBuildPhase section */
		6AA8DE542AA0677600C147C2 /* Frameworks */ = {
			isa = PBXFrameworksBuildPhase;
			buildActionMask = 2147483647;
			files = (
			);
			runOnlyForDeploymentPostprocessing = 0;
		};
		6AA8DE642AA0677700C147C2 /* Frameworks */ = {
			isa = PBXFrameworksBuildPhase;
			buildActionMask = 2147483647;
			files = (
			);
			runOnlyForDeploymentPostprocessing = 0;
		};
/* End PBXFrameworksBuildPhase section */

/* Begin PBXGroup section */
		6A5489D42AA2EBA8008A6E6C /* MovieDetails */ = {
			isa = PBXGroup;
			children = (
				6A5489D52AA2EBBE008A6E6C /* MovieDetailsView.swift */,
				6A5489D72AA2F230008A6E6C /* PosterSectionView.swift */,
				6A5489DB2AA307A3008A6E6C /* DescriptionSectionView.swift */,
				6A5489D92AA306F1008A6E6C /* DetailsSectionView.swift */,
			);
			path = MovieDetails;
			sourceTree = "<group>";
		};
		6AA8DE4E2AA0677600C147C2 = {
			isa = PBXGroup;
			children = (
				6AA8DE592AA0677600C147C2 /* QSTProject */,
				6AA8DE6A2AA0677700C147C2 /* QSTProjectTests */,
				6AA8DE582AA0677600C147C2 /* Products */,
			);
			sourceTree = "<group>";
		};
		6AA8DE582AA0677600C147C2 /* Products */ = {
			isa = PBXGroup;
			children = (
				6AA8DE572AA0677600C147C2 /* QSTProject.app */,
				6AA8DE672AA0677700C147C2 /* QSTProjectTests.xctest */,
			);
			name = Products;
			sourceTree = "<group>";
		};
		6AA8DE592AA0677600C147C2 /* QSTProject */ = {
			isa = PBXGroup;
			children = (
				6A5489D42AA2EBA8008A6E6C /* MovieDetails */,
				6AA8DE942AA07CCF00C147C2 /* Services */,
				6AA8DE8E2AA070A700C147C2 /* MovieListJSON */,
				6AA8DE8B2AA06FA600C147C2 /* Models */,
				6AA8DE842AA067CB00C147C2 /* MovieList */,
				6AA8DE5A2AA0677600C147C2 /* QSTProjectApp.swift */,
				6AA8DE5C2AA0677600C147C2 /* ContentView.swift */,
				6AA8DE5E2AA0677700C147C2 /* Assets.xcassets */,
				6AA8DE602AA0677700C147C2 /* Preview Content */,
			);
			path = QSTProject;
			sourceTree = "<group>";
		};
		6AA8DE602AA0677700C147C2 /* Preview Content */ = {
			isa = PBXGroup;
			children = (
				6AA8DE612AA0677700C147C2 /* Preview Assets.xcassets */,
			);
			path = "Preview Content";
			sourceTree = "<group>";
		};
		6AA8DE6A2AA0677700C147C2 /* QSTProjectTests */ = {
			isa = PBXGroup;
			children = (
				6AA8DE912AA076A700C147C2 /* MovieList */,
			);
			path = QSTProjectTests;
			sourceTree = "<group>";
		};
		6AA8DE842AA067CB00C147C2 /* MovieList */ = {
			isa = PBXGroup;
			children = (
				6AA8DE852AA067DB00C147C2 /* MovieListView.swift */,
				6AA8DE872AA0681000C147C2 /* MovieListViewModel.swift */,
				6AA8DE892AA06AA800C147C2 /* MovieCell.swift */,
			);
			path = MovieList;
			sourceTree = "<group>";
		};
		6AA8DE8B2AA06FA600C147C2 /* Models */ = {
			isa = PBXGroup;
			children = (
				6AA8DE8C2AA06FB000C147C2 /* Movie.swift */,
			);
			path = Models;
			sourceTree = "<group>";
		};
		6AA8DE8E2AA070A700C147C2 /* MovieListJSON */ = {
			isa = PBXGroup;
			children = (
				6AA8DE8F2AA070C300C147C2 /* movieList.json */,
			);
			path = MovieListJSON;
			sourceTree = "<group>";
		};
		6AA8DE912AA076A700C147C2 /* MovieList */ = {
			isa = PBXGroup;
			children = (
				6AA8DE922AA076BB00C147C2 /* MovieListViewModelTests.swift */,
			);
			path = MovieList;
			sourceTree = "<group>";
		};
		6AA8DE942AA07CCF00C147C2 /* Services */ = {
			isa = PBXGroup;
			children = (
				6AA8DE952AA07CDF00C147C2 /* MovieListService.swift */,
				6AA8DE972AA07CF900C147C2 /* JSONMovieListService.swift */,
			);
			path = Services;
			sourceTree = "<group>";
		};
/* End PBXGroup section */

/* Begin PBXNativeTarget section */
		6AA8DE562AA0677600C147C2 /* QSTProject */ = {
			isa = PBXNativeTarget;
			buildConfigurationList = 6AA8DE7B2AA0677700C147C2 /* Build configuration list for PBXNativeTarget "QSTProject" */;
			buildPhases = (
				6AA8DE532AA0677600C147C2 /* Sources */,
				6AA8DE542AA0677600C147C2 /* Frameworks */,
				6AA8DE552AA0677600C147C2 /* Resources */,
			);
			buildRules = (
			);
			dependencies = (
			);
			name = QSTProject;
			productName = QSTProject;
			productReference = 6AA8DE572AA0677600C147C2 /* QSTProject.app */;
			productType = "com.apple.product-type.application";
		};
		6AA8DE662AA0677700C147C2 /* QSTProjectTests */ = {
			isa = PBXNativeTarget;
			buildConfigurationList = 6AA8DE7E2AA0677700C147C2 /* Build configuration list for PBXNativeTarget "QSTProjectTests" */;
			buildPhases = (
				6AA8DE632AA0677700C147C2 /* Sources */,
				6AA8DE642AA0677700C147C2 /* Frameworks */,
				6AA8DE652AA0677700C147C2 /* Resources */,
			);
			buildRules = (
			);
			dependencies = (
				6AA8DE692AA0677700C147C2 /* PBXTargetDependency */,
			);
			name = QSTProjectTests;
			productName = QSTProjectTests;
			productReference = 6AA8DE672AA0677700C147C2 /* QSTProjectTests.xctest */;
			productType = "com.apple.product-type.bundle.unit-test";
		};
/* End PBXNativeTarget section */

/* Begin PBXProject section */
		6AA8DE4F2AA0677600C147C2 /* Project object */ = {
			isa = PBXProject;
			attributes = {
				BuildIndependentTargetsInParallel = 1;
				LastSwiftUpdateCheck = 1430;
				LastUpgradeCheck = 1430;
				TargetAttributes = {
					6AA8DE562AA0677600C147C2 = {
						CreatedOnToolsVersion = 14.3.1;
					};
					6AA8DE662AA0677700C147C2 = {
						CreatedOnToolsVersion = 14.3.1;
						TestTargetID = 6AA8DE562AA0677600C147C2;
					};
				};
			};
			buildConfigurationList = 6AA8DE522AA0677600C147C2 /* Build configuration list for PBXProject "QSTProject" */;
			compatibilityVersion = "Xcode 14.0";
			developmentRegion = en;
			hasScannedForEncodings = 0;
			knownRegions = (
				en,
				Base,
			);
			mainGroup = 6AA8DE4E2AA0677600C147C2;
			productRefGroup = 6AA8DE582AA0677600C147C2 /* Products */;
			projectDirPath = "";
			projectRoot = "";
			targets = (
				6AA8DE562AA0677600C147C2 /* QSTProject */,
				6AA8DE662AA0677700C147C2 /* QSTProjectTests */,
			);
		};
/* End PBXProject section */

/* Begin PBXResourcesBuildPhase section */
		6AA8DE552AA0677600C147C2 /* Resources */ = {
			isa = PBXResourcesBuildPhase;
			buildActionMask = 2147483647;
			files = (
				6AA8DE622AA0677700C147C2 /* Preview Assets.xcassets in Resources */,
				6AA8DE5F2AA0677700C147C2 /* Assets.xcassets in Resources */,
				6AA8DE902AA070C300C147C2 /* movieList.json in Resources */,
			);
			runOnlyForDeploymentPostprocessing = 0;
		};
		6AA8DE652AA0677700C147C2 /* Resources */ = {
			isa = PBXResourcesBuildPhase;
			buildActionMask = 2147483647;
			files = (
			);
			runOnlyForDeploymentPostprocessing = 0;
		};
/* End PBXResourcesBuildPhase section */

/* Begin PBXSourcesBuildPhase section */
		6AA8DE532AA0677600C147C2 /* Sources */ = {
			isa = PBXSourcesBuildPhase;
			buildActionMask = 2147483647;
			files = (
				6AA8DE5D2AA0677600C147C2 /* ContentView.swift in Sources */,
				6AA8DE5B2AA0677600C147C2 /* QSTProjectApp.swift in Sources */,
				6AA8DE8D2AA06FB000C147C2 /* Movie.swift in Sources */,
				6A5489DC2AA307A3008A6E6C /* DescriptionSectionView.swift in Sources */,
				6AA8DE862AA067DB00C147C2 /* MovieListView.swift in Sources */,
				6AA8DE982AA07CF900C147C2 /* JSONMovieListService.swift in Sources */,
				6A5489D82AA2F230008A6E6C /* PosterSectionView.swift in Sources */,
				6AA8DE8A2AA06AA800C147C2 /* MovieCell.swift in Sources */,
				6A5489D62AA2EBBE008A6E6C /* MovieDetailsView.swift in Sources */,
				6AA8DE962AA07CDF00C147C2 /* MovieListService.swift in Sources */,
				6AA8DE882AA0681000C147C2 /* MovieListViewModel.swift in Sources */,
				6A5489DA2AA306F1008A6E6C /* DetailsSectionView.swift in Sources */,
			);
			runOnlyForDeploymentPostprocessing = 0;
		};
		6AA8DE632AA0677700C147C2 /* Sources */ = {
			isa = PBXSourcesBuildPhase;
			buildActionMask = 2147483647;
			files = (
				6AA8DE932AA076BB00C147C2 /* MovieListViewModelTests.swift in Sources */,
			);
			runOnlyForDeploymentPostprocessing = 0;
		};
/* End PBXSourcesBuildPhase section */

/* Begin PBXTargetDependency section */
		6AA8DE692AA0677700C147C2 /* PBXTargetDependency */ = {
			isa = PBXTargetDependency;
			target = 6AA8DE562AA0677600C147C2 /* QSTProject */;
			targetProxy = 6AA8DE682AA0677700C147C2 /* PBXContainerItemProxy */;
		};
/* End PBXTargetDependency section */

/* Begin XCBuildConfiguration section */
		6AA8DE792AA0677700C147C2 /* Debug */ = {
			isa = XCBuildConfiguration;
			buildSettings = {
				ALWAYS_SEARCH_USER_PATHS = NO;
				CLANG_ANALYZER_NONNULL = YES;
				CLANG_ANALYZER_NUMBER_OBJECT_CONVERSION = YES_AGGRESSIVE;
				CLANG_CXX_LANGUAGE_STANDARD = "gnu++20";
				CLANG_ENABLE_MODULES = YES;
				CLANG_ENABLE_OBJC_ARC = YES;
				CLANG_ENABLE_OBJC_WEAK = YES;
				CLANG_WARN_BLOCK_CAPTURE_AUTORELEASING = YES;
				CLANG_WARN_BOOL_CONVERSION = YES;
				CLANG_WARN_COMMA = YES;
				CLANG_WARN_CONSTANT_CONVERSION = YES;
				CLANG_WARN_DEPRECATED_OBJC_IMPLEMENTATIONS = YES;
				CLANG_WARN_DIRECT_OBJC_ISA_USAGE = YES_ERROR;
				CLANG_WARN_DOCUMENTATION_COMMENTS = YES;
				CLANG_WARN_EMPTY_BODY = YES;
				CLANG_WARN_ENUM_CONVERSION = YES;
				CLANG_WARN_INFINITE_RECURSION = YES;
				CLANG_WARN_INT_CONVERSION = YES;
				CLANG_WARN_NON_LITERAL_NULL_CONVERSION = YES;
				CLANG_WARN_OBJC_IMPLICIT_RETAIN_SELF = YES;
				CLANG_WARN_OBJC_LITERAL_CONVERSION = YES;
				CLANG_WARN_OBJC_ROOT_CLASS = YES_ERROR;
				CLANG_WARN_QUOTED_INCLUDE_IN_FRAMEWORK_HEADER = YES;
				CLANG_WARN_RANGE_LOOP_ANALYSIS = YES;
				CLANG_WARN_STRICT_PROTOTYPES = YES;
				CLANG_WARN_SUSPICIOUS_MOVE = YES;
				CLANG_WARN_UNGUARDED_AVAILABILITY = YES_AGGRESSIVE;
				CLANG_WARN_UNREACHABLE_CODE = YES;
				CLANG_WARN__DUPLICATE_METHOD_MATCH = YES;
				COPY_PHASE_STRIP = NO;
				DEBUG_INFORMATION_FORMAT = dwarf;
				ENABLE_STRICT_OBJC_MSGSEND = YES;
				ENABLE_TESTABILITY = YES;
				GCC_C_LANGUAGE_STANDARD = gnu11;
				GCC_DYNAMIC_NO_PIC = NO;
				GCC_NO_COMMON_BLOCKS = YES;
				GCC_OPTIMIZATION_LEVEL = 0;
				GCC_PREPROCESSOR_DEFINITIONS = (
					"DEBUG=1",
					"$(inherited)",
				);
				GCC_WARN_64_TO_32_BIT_CONVERSION = YES;
				GCC_WARN_ABOUT_RETURN_TYPE = YES_ERROR;
				GCC_WARN_UNDECLARED_SELECTOR = YES;
				GCC_WARN_UNINITIALIZED_AUTOS = YES_AGGRESSIVE;
				GCC_WARN_UNUSED_FUNCTION = YES;
				GCC_WARN_UNUSED_VARIABLE = YES;
				IPHONEOS_DEPLOYMENT_TARGET = 16.4;
				MTL_ENABLE_DEBUG_INFO = INCLUDE_SOURCE;
				MTL_FAST_MATH = YES;
				ONLY_ACTIVE_ARCH = YES;
				SDKROOT = iphoneos;
				SWIFT_ACTIVE_COMPILATION_CONDITIONS = DEBUG;
				SWIFT_OPTIMIZATION_LEVEL = "-Onone";
			};
			name = Debug;
		};
		6AA8DE7A2AA0677700C147C2 /* Release */ = {
			isa = XCBuildConfiguration;
			buildSettings = {
				ALWAYS_SEARCH_USER_PATHS = NO;
				CLANG_ANALYZER_NONNULL = YES;
				CLANG_ANALYZER_NUMBER_OBJECT_CONVERSION = YES_AGGRESSIVE;
				CLANG_CXX_LANGUAGE_STANDARD = "gnu++20";
				CLANG_ENABLE_MODULES = YES;
				CLANG_ENABLE_OBJC_ARC = YES;
				CLANG_ENABLE_OBJC_WEAK = YES;
				CLANG_WARN_BLOCK_CAPTURE_AUTORELEASING = YES;
				CLANG_WARN_BOOL_CONVERSION = YES;
				CLANG_WARN_COMMA = YES;
				CLANG_WARN_CONSTANT_CONVERSION = YES;
				CLANG_WARN_DEPRECATED_OBJC_IMPLEMENTATIONS = YES;
				CLANG_WARN_DIRECT_OBJC_ISA_USAGE = YES_ERROR;
				CLANG_WARN_DOCUMENTATION_COMMENTS = YES;
				CLANG_WARN_EMPTY_BODY = YES;
				CLANG_WARN_ENUM_CONVERSION = YES;
				CLANG_WARN_INFINITE_RECURSION = YES;
				CLANG_WARN_INT_CONVERSION = YES;
				CLANG_WARN_NON_LITERAL_NULL_CONVERSION = YES;
				CLANG_WARN_OBJC_IMPLICIT_RETAIN_SELF = YES;
				CLANG_WARN_OBJC_LITERAL_CONVERSION = YES;
				CLANG_WARN_OBJC_ROOT_CLASS = YES_ERROR;
				CLANG_WARN_QUOTED_INCLUDE_IN_FRAMEWORK_HEADER = YES;
				CLANG_WARN_RANGE_LOOP_ANALYSIS = YES;
				CLANG_WARN_STRICT_PROTOTYPES = YES;
				CLANG_WARN_SUSPICIOUS_MOVE = YES;
				CLANG_WARN_UNGUARDED_AVAILABILITY = YES_AGGRESSIVE;
				CLANG_WARN_UNREACHABLE_CODE = YES;
				CLANG_WARN__DUPLICATE_METHOD_MATCH = YES;
				COPY_PHASE_STRIP = NO;
				DEBUG_INFORMATION_FORMAT = "dwarf-with-dsym";
				ENABLE_NS_ASSERTIONS = NO;
				ENABLE_STRICT_OBJC_MSGSEND = YES;
				GCC_C_LANGUAGE_STANDARD = gnu11;
				GCC_NO_COMMON_BLOCKS = YES;
				GCC_WARN_64_TO_32_BIT_CONVERSION = YES;
				GCC_WARN_ABOUT_RETURN_TYPE = YES_ERROR;
				GCC_WARN_UNDECLARED_SELECTOR = YES;
				GCC_WARN_UNINITIALIZED_AUTOS = YES_AGGRESSIVE;
				GCC_WARN_UNUSED_FUNCTION = YES;
				GCC_WARN_UNUSED_VARIABLE = YES;
				IPHONEOS_DEPLOYMENT_TARGET = 16.4;
				MTL_ENABLE_DEBUG_INFO = NO;
				MTL_FAST_MATH = YES;
				SDKROOT = iphoneos;
				SWIFT_COMPILATION_MODE = wholemodule;
				SWIFT_OPTIMIZATION_LEVEL = "-O";
				VALIDATE_PRODUCT = YES;
			};
			name = Release;
		};
		6AA8DE7C2AA0677700C147C2 /* Debug */ = {
			isa = XCBuildConfiguration;
			buildSettings = {
				ASSETCATALOG_COMPILER_APPICON_NAME = AppIcon;
				ASSETCATALOG_COMPILER_GLOBAL_ACCENT_COLOR_NAME = AccentColor;
				CODE_SIGN_STYLE = Automatic;
				CURRENT_PROJECT_VERSION = 1;
				DEVELOPMENT_ASSET_PATHS = "\"QSTProject/Preview Content\"";
				ENABLE_PREVIEWS = YES;
				GENERATE_INFOPLIST_FILE = YES;
				INFOPLIST_KEY_UIApplicationSceneManifest_Generation = YES;
				INFOPLIST_KEY_UIApplicationSupportsIndirectInputEvents = YES;
				INFOPLIST_KEY_UILaunchScreen_Generation = YES;
				INFOPLIST_KEY_UISupportedInterfaceOrientations_iPad = "UIInterfaceOrientationPortrait UIInterfaceOrientationPortraitUpsideDown UIInterfaceOrientationLandscapeLeft UIInterfaceOrientationLandscapeRight";
				INFOPLIST_KEY_UISupportedInterfaceOrientations_iPhone = "UIInterfaceOrientationPortrait UIInterfaceOrientationLandscapeLeft UIInterfaceOrientationLandscapeRight";
				LD_RUNPATH_SEARCH_PATHS = (
					"$(inherited)",
					"@executable_path/Frameworks",
				);
				MARKETING_VERSION = 1.0;
				PRODUCT_BUNDLE_IDENTIFIER = com.vietxcode.QSTProject;
				PRODUCT_NAME = "$(TARGET_NAME)";
				SWIFT_EMIT_LOC_STRINGS = YES;
				SWIFT_VERSION = 5.0;
				TARGETED_DEVICE_FAMILY = "1,2";
			};
			name = Debug;
		};
		6AA8DE7D2AA0677700C147C2 /* Release */ = {
			isa = XCBuildConfiguration;
			buildSettings = {
				ASSETCATALOG_COMPILER_APPICON_NAME = AppIcon;
				ASSETCATALOG_COMPILER_GLOBAL_ACCENT_COLOR_NAME = AccentColor;
				CODE_SIGN_STYLE = Automatic;
				CURRENT_PROJECT_VERSION = 1;
				DEVELOPMENT_ASSET_PATHS = "\"QSTProject/Preview Content\"";
				ENABLE_PREVIEWS = YES;
				GENERATE_INFOPLIST_FILE = YES;
				INFOPLIST_KEY_UIApplicationSceneManifest_Generation = YES;
				INFOPLIST_KEY_UIApplicationSupportsIndirectInputEvents = YES;
				INFOPLIST_KEY_UILaunchScreen_Generation = YES;
				INFOPLIST_KEY_UISupportedInterfaceOrientations_iPad = "UIInterfaceOrientationPortrait UIInterfaceOrientationPortraitUpsideDown UIInterfaceOrientationLandscapeLeft UIInterfaceOrientationLandscapeRight";
				INFOPLIST_KEY_UISupportedInterfaceOrientations_iPhone = "UIInterfaceOrientationPortrait UIInterfaceOrientationLandscapeLeft UIInterfaceOrientationLandscapeRight";
				LD_RUNPATH_SEARCH_PATHS = (
					"$(inherited)",
					"@executable_path/Frameworks",
				);
				MARKETING_VERSION = 1.0;
				PRODUCT_BUNDLE_IDENTIFIER = com.vietxcode.QSTProject;
				PRODUCT_NAME = "$(TARGET_NAME)";
				SWIFT_EMIT_LOC_STRINGS = YES;
				SWIFT_VERSION = 5.0;
				TARGETED_DEVICE_FAMILY = "1,2";
			};
			name = Release;
		};
		6AA8DE7F2AA0677700C147C2 /* Debug */ = {
			isa = XCBuildConfiguration;
			buildSettings = {
				ALWAYS_EMBED_SWIFT_STANDARD_LIBRARIES = YES;
				BUNDLE_LOADER = "$(TEST_HOST)";
				CODE_SIGN_STYLE = Automatic;
				CURRENT_PROJECT_VERSION = 1;
				GENERATE_INFOPLIST_FILE = YES;
				IPHONEOS_DEPLOYMENT_TARGET = 16.4;
				MARKETING_VERSION = 1.0;
				PRODUCT_BUNDLE_IDENTIFIER = com.vietxcode.QSTProjectTests;
				PRODUCT_NAME = "$(TARGET_NAME)";
				SWIFT_EMIT_LOC_STRINGS = NO;
				SWIFT_VERSION = 5.0;
				TARGETED_DEVICE_FAMILY = "1,2";
				TEST_HOST = "$(BUILT_PRODUCTS_DIR)/QSTProject.app/$(BUNDLE_EXECUTABLE_FOLDER_PATH)/QSTProject";
			};
			name = Debug;
		};
		6AA8DE802AA0677700C147C2 /* Release */ = {
			isa = XCBuildConfiguration;
			buildSettings = {
				ALWAYS_EMBED_SWIFT_STANDARD_LIBRARIES = YES;
				BUNDLE_LOADER = "$(TEST_HOST)";
				CODE_SIGN_STYLE = Automatic;
				CURRENT_PROJECT_VERSION = 1;
				GENERATE_INFOPLIST_FILE = YES;
				IPHONEOS_DEPLOYMENT_TARGET = 16.4;
				MARKETING_VERSION = 1.0;
				PRODUCT_BUNDLE_IDENTIFIER = com.vietxcode.QSTProjectTests;
				PRODUCT_NAME = "$(TARGET_NAME)";
				SWIFT_EMIT_LOC_STRINGS = NO;
				SWIFT_VERSION = 5.0;
				TARGETED_DEVICE_FAMILY = "1,2";
				TEST_HOST = "$(BUILT_PRODUCTS_DIR)/QSTProject.app/$(BUNDLE_EXECUTABLE_FOLDER_PATH)/QSTProject";
			};
			name = Release;
		};
/* End XCBuildConfiguration section */

/* Begin XCConfigurationList section */
		6AA8DE522AA0677600C147C2 /* Build configuration list for PBXProject "QSTProject" */ = {
			isa = XCConfigurationList;
			buildConfigurations = (
				6AA8DE792AA0677700C147C2 /* Debug */,
				6AA8DE7A2AA0677700C147C2 /* Release */,
			);
			defaultConfigurationIsVisible = 0;
			defaultConfigurationName = Release;
		};
		6AA8DE7B2AA0677700C147C2 /* Build configuration list for PBXNativeTarget "QSTProject" */ = {
			isa = XCConfigurationList;
			buildConfigurations = (
				6AA8DE7C2AA0677700C147C2 /* Debug */,
				6AA8DE7D2AA0677700C147C2 /* Release */,
			);
			defaultConfigurationIsVisible = 0;
			defaultConfigurationName = Release;
		};
		6AA8DE7E2AA0677700C147C2 /* Build configuration list for PBXNativeTarget "QSTProjectTests" */ = {
			isa = XCConfigurationList;
			buildConfigurations = (
				6AA8DE7F2AA0677700C147C2 /* Debug */,
				6AA8DE802AA0677700C147C2 /* Release */,
			);
			defaultConfigurationIsVisible = 0;
			defaultConfigurationName = Release;
		};
/* End XCConfigurationList section */
	};
	rootObject = 6AA8DE4F2AA0677600C147C2 /* Project object */;
}
